<?xml version="1.0" encoding="utf-8"?>
<Project ToolsVersion="4.0" xmlns="http://schemas.microsoft.com/developer/msbuild/2003">
  <ItemGroup>
    <Filter Include="Source Files">
      <UniqueIdentifier>{4FC737F1-C7A5-4376-A066-2A32D752A2FF}</UniqueIdentifier>
      <Extensions>cpp;c;cc;cxx;def;odl;idl;hpj;bat;asm;asmx</Extensions>
    </Filter>
    <Filter Include="Header Files">
      <UniqueIdentifier>{93995380-89BD-4b04-88EB-625FBE52EBFB}</UniqueIdentifier>
      <Extensions>h;hpp;hxx;hm;inl;inc;xsd</Extensions>
    </Filter>
    <Filter Include="Resource Files">
      <UniqueIdentifier>{67DA6AB6-F800-4c08-8B7A-83BB121AAD01}</UniqueIdentifier>
      <Extensions>rc;ico;cur;bmp;dlg;rc2;rct;bin;rgs;gif;jpg;jpeg;jpe;resx;tiff;tif;png;wav</Extensions>
    </Filter>
  </ItemGroup>
  <ItemGroup>
    <ClCompile Include="aboutproc.cpp">
      <Filter>Source Files</Filter>
    </ClCompile>
    <ClCompile Include="addlistproc.cpp">
      <Filter>Source Files</Filter>
    </ClCompile>
    <ClCompile Include="char_convert.cpp">
      <Filter>Source Files</Filter>
    </ClCompile>
    <ClCompile Include="colorpicker.cpp">
      <Filter>Source Files</Filter>
    </ClCompile>
    <ClCompile Include="configuration.cpp">
      <Filter>Source Files</Filter>
    </ClCompile>
    <ClCompile Include="createlistproc.cpp">
      <Filter>Source Files</Filter>
    </ClCompile>
    <ClCompile Include="driver.cpp">
      <Filter>Source Files</Filter>
    </ClCompile>
    <ClCompile Include="editlistproc.cpp">
      <Filter>Source Files</Filter>
    </ClCompile>
    <ClCompile Include="editportsproc.cpp">
      <Filter>Source Files</Filter>
    </ClCompile>
    <ClCompile Include="exceptionfilter.cpp">
      <Filter>Source Files</Filter>
    </ClCompile>
    <ClCompile Include="exporthistoryproc.cpp">
      <Filter>Source Files</Filter>
    </ClCompile>
    <ClCompile Include="getips.cpp">
      <Filter>Source Files</Filter>
    </ClCompile>
    <ClCompile Include="historycalendarproc.cpp">
      <Filter>Source Files</Filter>
    </ClCompile>
    <ClCompile Include="historyfindproc.cpp">
      <Filter>Source Files</Filter>
    </ClCompile>
    <ClCompile Include="historyproc.cpp">
      <Filter>Source Files</Filter>
    </ClCompile>
    <ClCompile Include="listproc.cpp">
      <Filter>Source Files</Filter>
    </ClCompile>
    <ClCompile Include="lists.cpp">
      <Filter>Source Files</Filter>
    </ClCompile>
    <ClCompile Include="listsproc.cpp">
      <Filter>Source Files</Filter>
    </ClCompile>
    <ClCompile Include="listurls.cpp">
      <Filter>Source Files</Filter>
    </ClCompile>
    <ClCompile Include="loadingproc.cpp">
      <Filter>Source Files</Filter>
    </ClCompile>
    <ClCompile Include="logproc.cpp">
      <Filter>Source Files</Filter>
    </ClCompile>
    <ClCompile Include="mainproc.cpp">
      <Filter>Source Files</Filter>
    </ClCompile>
    <ClCompile Include="messagebox.cpp">
      <Filter>Source Files</Filter>
    </ClCompile>
    <ClCompile Include="pb.cpp">
      <Filter>Source Files</Filter>
    </ClCompile>
    <ClCompile Include="pbfilter_base.cpp">
      <Filter>Source Files</Filter>
    </ClCompile>
    <ClCompile Include="pbfilter_nt.cpp">
      <Filter>Source Files</Filter>
    </ClCompile>
    <ClCompile Include="pbfilter_wfp.cpp">
      <Filter>Source Files</Filter>
    </ClCompile>
    <ClCompile Include="portprofileproc.cpp">
      <Filter>Source Files</Filter>
    </ClCompile>
    <ClCompile Include="preseturls.cpp">
      <Filter>Source Files</Filter>
    </ClCompile>
    <ClCompile Include="prevrel.cpp">
      <Filter>Source Files</Filter>
    </ClCompile>
    <ClCompile Include="settingsproc.cpp">
      <Filter>Source Files</Filter>
    </ClCompile>
    <ClCompile Include="splashproc.cpp">
      <Filter>Source Files</Filter>
    </ClCompile>
    <ClCompile Include="startupwizard.cpp">
      <Filter>Source Files</Filter>
    </ClCompile>
    <ClCompile Include="stdafx.cpp">
      <Filter>Source Files</Filter>
    </ClCompile>
    <ClCompile Include="tracelog.cpp">
      <Filter>Source Files</Filter>
    </ClCompile>
    <ClCompile Include="updatelists.cpp">
      <Filter>Source Files</Filter>
    </ClCompile>
    <ClCompile Include="zipfile.cpp">
      <Filter>Source Files</Filter>
    </ClCompile>
    <ClCompile Include="listupdateerrorwin.cpp">
      <Filter>Source Files</Filter>
    </ClCompile>
  </ItemGroup>
  <ItemGroup>
    <ClInclude Include="aboutproc.h">
      <Filter>Header Files</Filter>
    </ClInclude>
    <ClInclude Include="addlistproc.h">
      <Filter>Header Files</Filter>
    </ClInclude>
    <ClInclude Include="basedialog.h">
      <Filter>Header Files</Filter>
    </ClInclude>
    <ClInclude Include="char_convert.h">
      <Filter>Header Files</Filter>
    </ClInclude>
    <ClInclude Include="colorpicker.h">
      <Filter>Header Files</Filter>
    </ClInclude>
    <ClInclude Include="configuration.h">
      <Filter>Header Files</Filter>
    </ClInclude>
    <ClInclude Include="createlistproc.h">
      <Filter>Header Files</Filter>
    </ClInclude>
    <ClInclude Include="driver.h">
      <Filter>Header Files</Filter>
    </ClInclude>
    <ClInclude Include="editlistproc.h">
      <Filter>Header Files</Filter>
    </ClInclude>
    <ClInclude Include="editportsproc.h">
      <Filter>Header Files</Filter>
    </ClInclude>
    <ClInclude Include="exceptionfilter.h">
      <Filter>Header Files</Filter>
    </ClInclude>
    <ClInclude Include="exporthistoryproc.h">
      <Filter>Header Files</Filter>
    </ClInclude>
    <ClInclude Include="getips.h">
      <Filter>Header Files</Filter>
    </ClInclude>
    <ClInclude Include="historycalendarproc.h">
      <Filter>Header Files</Filter>
    </ClInclude>
    <ClInclude Include="historyfindproc.h">
      <Filter>Header Files</Filter>
    </ClInclude>
    <ClInclude Include="historyproc.h">
      <Filter>Header Files</Filter>
    </ClInclude>
    <ClInclude Include="listproc.h">
      <Filter>Header Files</Filter>
    </ClInclude>
    <ClInclude Include="lists.h">
      <Filter>Header Files</Filter>
    </ClInclude>
    <ClInclude Include="listsproc.h">
      <Filter>Header Files</Filter>
    </ClInclude>
    <ClInclude Include="listurls.h">
      <Filter>Header Files</Filter>
    </ClInclude>
    <ClInclude Include="loadingproc.h">
      <Filter>Header Files</Filter>
    </ClInclude>
    <ClInclude Include="loadstring.h">
      <Filter>Header Files</Filter>
    </ClInclude>
    <ClInclude Include="logproc.h">
      <Filter>Header Files</Filter>
    </ClInclude>
    <ClInclude Include="mainproc.h">
      <Filter>Header Files</Filter>
    </ClInclude>
    <ClInclude Include="messagebox.h">
      <Filter>Header Files</Filter>
    </ClInclude>
    <ClInclude Include="pathx.hpp">
      <Filter>Header Files</Filter>
    </ClInclude>
    <ClInclude Include="pbfilter_base.h">
      <Filter>Header Files</Filter>
    </ClInclude>
    <ClInclude Include="pbfilter_nt.h">
      <Filter>Header Files</Filter>
    </ClInclude>
    <ClInclude Include="pbfilter_wfp.h">
      <Filter>Header Files</Filter>
    </ClInclude>
    <ClInclude Include="portprofileproc.h">
      <Filter>Header Files</Filter>
    </ClInclude>
    <ClInclude Include="preseturls.h">
      <Filter>Header Files</Filter>
    </ClInclude>
    <ClInclude Include="prevrel.h">
      <Filter>Header Files</Filter>
    </ClInclude>
    <ClInclude Include="resource.h">
      <Filter>Header Files</Filter>
    </ClInclude>
    <ClInclude Include="settingsproc.h">
      <Filter>Header Files</Filter>
    </ClInclude>
    <ClInclude Include="splashproc.h">
      <Filter>Header Files</Filter>
    </ClInclude>
    <ClInclude Include="startupwizard.h">
      <Filter>Header Files</Filter>
    </ClInclude>
    <ClInclude Include="stdafx.h">
      <Filter>Header Files</Filter>
    </ClInclude>
    <ClInclude Include="threaded_sqlite3x.hpp">
      <Filter>Header Files</Filter>
    </ClInclude>
    <ClInclude Include="threadx.hpp">
      <Filter>Header Files</Filter>
    </ClInclude>
    <ClInclude Include="tracelog.h">
      <Filter>Header Files</Filter>
    </ClInclude>
    <ClInclude Include="tstring.h">
      <Filter>Header Files</Filter>
    </ClInclude>
    <ClInclude Include="updatelists.h">
      <Filter>Header Files</Filter>
    </ClInclude>
    <ClInclude Include="utf8.h">
      <Filter>Header Files</Filter>
    </ClInclude>
    <ClInclude Include="versioninfo.h">
      <Filter>Header Files</Filter>
    </ClInclude>
    <ClInclude Include="wfp.hpp">
      <Filter>Header Files</Filter>
    </ClInclude>
    <ClInclude Include="win32_error.h">
      <Filter>Header Files</Filter>
    </ClInclude>
    <ClInclude Include="zipfile.h">
      <Filter>Header Files</Filter>
    </ClInclude>
    <ClInclude Include="listupdateerrorwin.h">
      <Filter>Header Files</Filter>
    </ClInclude>
  </ItemGroup>
  <ItemGroup>
    <None Include="res\about.txt">
      <Filter>Resource Files</Filter>
    </None>
    <None Include="res\pb.ico">
      <Filter>Resource Files</Filter>
    </None>
    <None Include="res\pb_disabled.ico">
      <Filter>Resource Files</Filter>
    </None>
    <None Include="res\pb_httpdisabled.ico">
      <Filter>Resource Files</Filter>
    </None>
    <None Include="res\splash_logo.jpg">
      <Filter>Resource Files</Filter>
    </None>
  </ItemGroup>
  <ItemGroup>
    <ResourceCompile Include="pb.rc">
      <Filter>Resource Files</Filter>
    </ResourceCompile>
  </ItemGroup>
</Project>